
Microsoft Visual Studio Solution File, Format Version 12.00
# Visual Studio 15
VisualStudioVersion = 15.0.26228.9
MinimumVisualStudioVersion = 10.0.40219.1
Project("{FAE04EC0-301F-11D3-BF4B-00C04F79EFBC}") = "TeduShop.Model", "TeduShop.Model\TeduShop.Model.csproj", "{44B1D6FF-D988-43F8-9E03-B1913E6215B9}"
EndProject
Project("{FAE04EC0-301F-11D3-BF4B-00C04F79EFBC}") = "TeduShop.Common", "TeduShop.Common\TeduShop.Common.csproj", "{D2D43382-AD55-4EDF-9FBF-F5416F51F62A}"
EndProject
Project("{FAE04EC0-301F-11D3-BF4B-00C04F79EFBC}") = "TeduShop.Data", "TeduShop.Data\TeduShop.Data.csproj", "{1D335D47-FF48-4425-94A8-4AA9A1EB155F}"
EndProject
Project("{FAE04EC0-301F-11D3-BF4B-00C04F79EFBC}") = "TeduShop.Service", "TeduShop.Service\TeduShop.Service.csproj", "{64BFBE2F-CED6-430F-A9F8-6B00DDB0EE8D}"
EndProject
Project("{FAE04EC0-301F-11D3-BF4B-00C04F79EFBC}") = "TeduShop.UnitTest", "TeduShop.UnitTest\TeduShop.UnitTest.csproj", "{5888C4E1-F372-40E0-91B5-70DE22477CF1}"
EndProject
Project("{FAE04EC0-301F-11D3-BF4B-00C04F79EFBC}") = "TeduShop.Web", "TeduShop.Web\TeduShop.Web.csproj", "{DD07F04C-C014-4A54-AC81-273BE50F2EFE}"
EndProject
Global
	GlobalSection(SolutionConfigurationPlatforms) = preSolution
		Debug|Any CPU = Debug|Any CPU
		Release|Any CPU = Release|Any CPU
	EndGlobalSection
	GlobalSection(ProjectConfigurationPlatforms) = postSolution
		{44B1D6FF-D988-43F8-9E03-B1913E6215B9}.Debug|Any CPU.ActiveCfg = Debug|Any CPU
		{44B1D6FF-D988-43F8-9E03-B1913E6215B9}.Debug|Any CPU.Build.0 = Debug|Any CPU
		{44B1D6FF-D988-43F8-9E03-B1913E6215B9}.Release|Any CPU.ActiveCfg = Release|Any CPU
		{44B1D6FF-D988-43F8-9E03-B1913E6215B9}.Release|Any CPU.Build.0 = Release|Any CPU
		{D2D43382-AD55-4EDF-9FBF-F5416F51F62A}.Debug|Any CPU.ActiveCfg = Debug|Any CPU
		{D2D43382-AD55-4EDF-9FBF-F5416F51F62A}.Debug|Any CPU.Build.0 = Debug|Any CPU
		{D2D43382-AD55-4EDF-9FBF-F5416F51F62A}.Release|Any CPU.ActiveCfg = Release|Any CPU
		{D2D43382-AD55-4EDF-9FBF-F5416F51F62A}.Release|Any CPU.Build.0 = Release|Any CPU
		{1D335D47-FF48-4425-94A8-4AA9A1EB155F}.Debug|Any CPU.ActiveCfg = Debug|Any CPU
		{1D335D47-FF48-4425-94A8-4AA9A1EB155F}.Debug|Any CPU.Build.0 = Debug|Any CPU
		{1D335D47-FF48-4425-94A8-4AA9A1EB155F}.Release|Any CPU.ActiveCfg = Release|Any CPU
		{1D335D47-FF48-4425-94A8-4AA9A1EB155F}.Release|Any CPU.Build.0 = Release|Any CPU
		{64BFBE2F-CED6-430F-A9F8-6B00DDB0EE8D}.Debug|Any CPU.ActiveCfg = Debug|Any CPU
		{64BFBE2F-CED6-430F-A9F8-6B00DDB0EE8D}.Debug|Any CPU.Build.0 = Debug|Any CPU
		{64BFBE2F-CED6-430F-A9F8-6B00DDB0EE8D}.Release|Any CPU.ActiveCfg = Release|Any CPU
		{64BFBE2F-CED6-430F-A9F8-6B00DDB0EE8D}.Release|Any CPU.Build.0 = Release|Any CPU
		{5888C4E1-F372-40E0-91B5-70DE22477CF1}.Debug|Any CPU.ActiveCfg = Debug|Any CPU
		{5888C4E1-F372-40E0-91B5-70DE22477CF1}.Debug|Any CPU.Build.0 = Debug|Any CPU
		{5888C4E1-F372-40E0-91B5-70DE22477CF1}.Release|Any CPU.ActiveCfg = Release|Any CPU
		{5888C4E1-F372-40E0-91B5-70DE22477CF1}.Release|Any CPU.Build.0 = Release|Any CPU
		{DD07F04C-C014-4A54-AC81-273BE50F2EFE}.Debug|Any CPU.ActiveCfg = Debug|Any CPU
		{DD07F04C-C014-4A54-AC81-273BE50F2EFE}.Debug|Any CPU.Build.0 = Debug|Any CPU
		{DD07F04C-C014-4A54-AC81-273BE50F2EFE}.Release|Any CPU.ActiveCfg = Release|Any CPU
		{DD07F04C-C014-4A54-AC81-273BE50F2EFE}.Release|Any CPU.Build.0 = Release|Any CPU
	EndGlobalSection
	GlobalSection(SolutionProperties) = preSolution
		HideSolutionNode = FALSE
	EndGlobalSection
EndGlobal
